// !$*UTF8*$!
{
	archiveVersion = 1;
	classes = {
	};
	objectVersion = 46;
	objects = {

/* Begin PBXBuildFile section */
		9EE8352B1D76BD8700E6F67B /* main.m in Sources */ = {isa = PBXBuildFile; fileRef = 9EE8352A1D76BD8700E6F67B /* main.m */; };
		9EE8352E1D76BD8700E6F67B /* AppDelegate.m in Sources */ = {isa = PBXBuildFile; fileRef = 9EE8352D1D76BD8700E6F67B /* AppDelegate.m */; };
		9EE835361D76BD8700E6F67B /* Assets.xcassets in Resources */ = {isa = PBXBuildFile; fileRef = 9EE835351D76BD8700E6F67B /* Assets.xcassets */; };
		9EE835391D76BD8700E6F67B /* LaunchScreen.storyboard in Resources */ = {isa = PBXBuildFile; fileRef = 9EE835371D76BD8700E6F67B /* LaunchScreen.storyboard */; };
		9EE835431D76BDC800E6F67B /* XucgRipple.m in Sources */ = {isa = PBXBuildFile; fileRef = 9EE835421D76BDC800E6F67B /* XucgRipple.m */; };
		9EE835471D76BDEF00E6F67B /* RootViewController.m in Sources */ = {isa = PBXBuildFile; fileRef = 9EE835451D76BDEF00E6F67B /* RootViewController.m */; };
		9EE835481D76BDEF00E6F67B /* RootViewController.xib in Resources */ = {isa = PBXBuildFile; fileRef = 9EE835461D76BDEF00E6F67B /* RootViewController.xib */; };
		9EE8354F1D7719D100E6F67B /* mzd.jpg in Resources */ = {isa = PBXBuildFile; fileRef = 9EE8354E1D7719D100E6F67B /* mzd.jpg */; };
/* End PBXBuildFile section */

/* Begin PBXFileReference section */
		9EE835261D76BD8700E6F67B /* XucgRipple.app */ = {isa = PBXFileReference; explicitFileType = wrapper.application; includeInIndex = 0; path = XucgRipple.app; sourceTree = BUILT_PRODUCTS_DIR; };
		9EE8352A1D76BD8700E6F67B /* main.m */ = {isa = PBXFileReference; lastKnownFileType = sourcecode.c.objc; path = main.m; sourceTree = "<group>"; };
		9EE8352C1D76BD8700E6F67B /* AppDelegate.h */ = {isa = PBXFileReference; lastKnownFileType = sourcecode.c.h; path = AppDelegate.h; sourceTree = "<group>"; };
		9EE8352D1D76BD8700E6F67B /* AppDelegate.m */ = {isa = PBXFileReference; lastKnownFileType = sourcecode.c.objc; path = AppDelegate.m; sourceTree = "<group>"; };
		9EE835351D76BD8700E6F67B /* Assets.xcassets */ = {isa = PBXFileReference; lastKnownFileType = folder.assetcatalog; path = Assets.xcassets; sourceTree = "<group>"; };
		9EE835381D76BD8700E6F67B /* Base */ = {isa = PBXFileReference; lastKnownFileType = file.storyboard; name = Base; path = Base.lproj/LaunchScreen.storyboard; sourceTree = "<group>"; };
		9EE8353A1D76BD8700E6F67B /* Info.plist */ = {isa = PBXFileReference; lastKnownFileType = text.plist.xml; path = Info.plist; sourceTree = "<group>"; };
		9EE835411D76BDC800E6F67B /* XucgRipple.h */ = {isa = PBXFileReference; fileEncoding = 4; lastKnownFileType = sourcecode.c.h; path = XucgRipple.h; sourceTree = "<group>"; };
		9EE835421D76BDC800E6F67B /* XucgRipple.m */ = {isa = PBXFileReference; fileEncoding = 4; lastKnownFileType = sourcecode.c.objc; path = XucgRipple.m; sourceTree = "<group>"; };
		9EE835441D76BDEF00E6F67B /* RootViewController.h */ = {isa = PBXFileReference; fileEncoding = 4; lastKnownFileType = sourcecode.c.h; path = RootViewController.h; sourceTree = "<group>"; };
		9EE835451D76BDEF00E6F67B /* RootViewController.m */ = {isa = PBXFileReference; fileEncoding = 4; lastKnownFileType = sourcecode.c.objc; path = RootViewController.m; sourceTree = "<group>"; };
		9EE835461D76BDEF00E6F67B /* RootViewController.xib */ = {isa = PBXFileReference; fileEncoding = 4; lastKnownFileType = file.xib; path = RootViewController.xib; sourceTree = "<group>"; };
		9EE8354E1D7719D100E6F67B /* mzd.jpg */ = {isa = PBXFileReference; lastKnownFileType = image.jpeg; path = mzd.jpg; sourceTree = "<group>"; };
/* End PBXFileReference section */

/* Begin PBXFrameworksBuildPhase section */
		9EE835231D76BD8700E6F67B /* Frameworks */ = {
			isa = PBXFrameworksBuildPhase;
			buildActionMask = 2147483647;
			files = (
			);
			runOnlyForDeploymentPostprocessing = 0;
		};
/* End PBXFrameworksBuildPhase section */

/* Begin PBXGroup section */
		9EE8351D1D76BD8700E6F67B = {
			isa = PBXGroup;
			children = (
				9EE835281D76BD8700E6F67B /* XucgRipple */,
				9EE835271D76BD8700E6F67B /* Products */,
			);
			sourceTree = "<group>";
		};
		9EE835271D76BD8700E6F67B /* Products */ = {
			isa = PBXGroup;
			children = (
				9EE835261D76BD8700E6F67B /* XucgRipple.app */,
			);
			name = Products;
			sourceTree = "<group>";
		};
		9EE835281D76BD8700E6F67B /* XucgRipple */ = {
			isa = PBXGroup;
			children = (
				9EE8354E1D7719D100E6F67B /* mzd.jpg */,
				9EE835401D76BDB100E6F67B /* XucgRipple */,
				9EE8352C1D76BD8700E6F67B /* AppDelegate.h */,
				9EE8352D1D76BD8700E6F67B /* AppDelegate.m */,
				9EE835441D76BDEF00E6F67B /* RootViewController.h */,
				9EE835451D76BDEF00E6F67B /* RootViewController.m */,
				9EE835461D76BDEF00E6F67B /* RootViewController.xib */,
				9EE835351D76BD8700E6F67B /* Assets.xcassets */,
				9EE835371D76BD8700E6F67B /* LaunchScreen.storyboard */,
				9EE8353A1D76BD8700E6F67B /* Info.plist */,
				9EE835291D76BD8700E6F67B /* Supporting Files */,
			);
			path = XucgRipple;
			sourceTree = "<group>";
		};
		9EE835291D76BD8700E6F67B /* Supporting Files */ = {
			isa = PBXGroup;
			children = (
				9EE8352A1D76BD8700E6F67B /* main.m */,
			);
			name = "Supporting Files";
			sourceTree = "<group>";
		};
		9EE835401D76BDB100E6F67B /* XucgRipple */ = {
			isa = PBXGroup;
			children = (
				9EE835411D76BDC800E6F67B /* XucgRipple.h */,
				9EE835421D76BDC800E6F67B /* XucgRipple.m */,
			);
			path = XucgRipple;
			sourceTree = "<group>";
		};
/* End PBXGroup section */

/* Begin PBXNativeTarget section */
		9EE835251D76BD8700E6F67B /* XucgRipple */ = {
			isa = PBXNativeTarget;
			buildConfigurationList = 9EE8353D1D76BD8700E6F67B /* Build configuration list for PBXNativeTarget "XucgRipple" */;
			buildPhases = (
				9EE835221D76BD8700E6F67B /* Sources */,
				9EE835231D76BD8700E6F67B /* Frameworks */,
				9EE835241D76BD8700E6F67B /* Resources */,
			);
			buildRules = (
			);
			dependencies = (
			);
			name = XucgRipple;
			productName = XucgRipple;
			productReference = 9EE835261D76BD8700E6F67B /* XucgRipple.app */;
			productType = "com.apple.product-type.application";
		};
/* End PBXNativeTarget section */

/* Begin PBXProject section */
		9EE8351E1D76BD8700E6F67B /* Project object */ = {
			isa = PBXProject;
			attributes = {
				LastUpgradeCheck = 0730;
				ORGANIZATIONNAME = xucg;
				TargetAttributes = {
					9EE835251D76BD8700E6F67B = {
						CreatedOnToolsVersion = 7.3;
					};
				};
			};
			buildConfigurationList = 9EE835211D76BD8700E6F67B /* Build configuration list for PBXProject "XucgRipple" */;
			compatibilityVersion = "Xcode 3.2";
			developmentRegion = English;
			hasScannedForEncodings = 0;
			knownRegions = (
				en,
				Base,
			);
			mainGroup = 9EE8351D1D76BD8700E6F67B;
			productRefGroup = 9EE835271D76BD8700E6F67B /* Products */;
			projectDirPath = "";
			projectRoot = "";
			targets = (
				9EE835251D76BD8700E6F67B /* XucgRipple */,
			);
		};
/* End PBXProject section */

/* Begin PBXResourcesBuildPhase section */
		9EE835241D76BD8700E6F67B /* Resources */ = {
			isa = PBXResourcesBuildPhase;
			buildActionMask = 2147483647;
			files = (
				9EE835391D76BD8700E6F67B /* LaunchScreen.storyboard in Resources */,
				9EE8354F1D7719D100E6F67B /* mzd.jpg in Resources */,
				9EE835361D76BD8700E6F67B /* Assets.xcassets in Resources */,
				9EE835481D76BDEF00E6F67B /* RootViewController.xib in Resources */,
			);
			runOnlyForDeploymentPostprocessing = 0;
		};
/* End PBXResourcesBuildPhase section */

/* Begin PBXSourcesBuildPhase section */
		9EE835221D76BD8700E6F67B /* Sources */ = {
			isa = PBXSourcesBuildPhase;
			buildActionMask = 2147483647;
			files = (
				9EE8352E1D76BD8700E6F67B /* AppDelegate.m in Sources */,
				9EE835431D76BDC800E6F67B /* XucgRipple.m in Sources */,
				9EE835471D76BDEF00E6F67B /* RootViewController.m in Sources */,
				9EE8352B1D76BD8700E6F67B /* main.m in Sources */,
			);
			runOnlyForDeploymentPostprocessing = 0;
		};
/* End PBXSourcesBuildPhase section */

/* Begin PBXVariantGroup section */
		9EE835371D76BD8700E6F67B /* LaunchScreen.storyboard */ = {
			isa = PBXVariantGroup;
			children = (
				9EE835381D76BD8700E6F67B /* Base */,
			);
			name = LaunchScreen.storyboard;
			sourceTree = "<group>";
		};
/* End PBXVariantGroup section */

/* Begin XCBuildConfiguration section */
		9EE8353B1D76BD8700E6F67B /* Debug */ = {
			isa = XCBuildConfiguration;
			buildSettings = {
				ALWAYS_SEARCH_USER_PATHS = NO;
				CLANG_ANALYZER_NONNULL = YES;
				CLANG_CXX_LANGUAGE_STANDARD = "gnu++0x";
				CLANG_CXX_LIBRARY = "libc++";
				CLANG_ENABLE_MODULES = YES;
				CLANG_ENABLE_OBJC_ARC = YES;
				CLANG_WARN_BOOL_CONVERSION = YES;
				CLANG_WARN_CONSTANT_CONVERSION = YES;
				CLANG_WARN_DIRECT_OBJC_ISA_USAGE = YES_ERROR;
				CLANG_WARN_EMPTY_BODY = YES;
				CLANG_WARN_ENUM_CONVERSION = YES;
				CLANG_WARN_INT_CONVERSION = YES;
				CLANG_WARN_OBJC_ROOT_CLASS = YES_ERROR;
				CLANG_WARN_UNREACHABLE_CODE = YES;
				CLANG_WARN__DUPLICATE_METHOD_MATCH = YES;
				"CODE_SIGN_IDENTITY[sdk=iphoneos*]" = "iPhone Developer";
				COPY_PHASE_STRIP = NO;
				DEBUG_INFORMATION_FORMAT = dwarf;
				ENABLE_STRICT_OBJC_MSGSEND = YES;
				ENABLE_TESTABILITY = YES;
				GCC_C_LANGUAGE_STANDARD = gnu99;
				GCC_DYNAMIC_NO_PIC = NO;
				GCC_NO_COMMON_BLOCKS = YES;
				GCC_OPTIMIZATION_LEVEL = 0;
				GCC_PREPROCESSOR_DEFINITIONS = (
					"DEBUG=1",
					"$(inherited)",
				);
				GCC_WARN_64_TO_32_BIT_CONVERSION = YES;
				GCC_WARN_ABOUT_RETURN_TYPE = YES_ERROR;
				GCC_WARN_UNDECLARED_SELECTOR = YES;
				GCC_WARN_UNINITIALIZED_AUTOS = YES_AGGRESSIVE;
				GCC_WARN_UNUSED_FUNCTION = YES;
				GCC_WARN_UNUSED_VARIABLE = YES;
				IPHONEOS_DEPLOYMENT_TARGET = 9.3;
				MTL_ENABLE_DEBUG_INFO = YES;
				ONLY_ACTIVE_ARCH = YES;
				SDKROOT = iphoneos;
			};
			name = Debug;
		};
		9EE8353C1D76BD8700E6F67B /* Release */ = {
			isa = XCBuildConfiguration;
			buildSettings = {
				ALWAYS_SEARCH_USER_PATHS = NO;
				CLANG_ANALYZER_NONNULL = YES;
				CLANG_CXX_LANGUAGE_STANDARD = "gnu++0x";
				CLANG_CXX_LIBRARY = "libc++";
				CLANG_ENABLE_MODULES = YES;
				CLANG_ENABLE_OBJC_ARC = YES;
				CLANG_WARN_BOOL_CONVERSION = YES;
				CLANG_WARN_CONSTANT_CONVERSION = YES;
				CLANG_WARN_DIRECT_OBJC_ISA_USAGE = YES_ERROR;
				CLANG_WARN_EMPTY_BODY = YES;
				CLANG_WARN_ENUM_CONVERSION = YES;
				CLANG_WARN_INT_CONVERSION = YES;
				CLANG_WARN_OBJC_ROOT_CLASS = YES_ERROR;
				CLANG_WARN_UNREACHABLE_CODE = YES;
				CLANG_WARN__DUPLICATE_METHOD_MATCH = YES;
				"CODE_SIGN_IDENTITY[sdk=iphoneos*]" = "iPhone Developer";
				COPY_PHASE_STRIP = NO;
				DEBUG_INFORMATION_FORMAT = "dwarf-with-dsym";
				ENABLE_NS_ASSERTIONS = NO;
				ENABLE_STRICT_OBJC_MSGSEND = YES;
				GCC_C_LANGUAGE_STANDARD = gnu99;
				GCC_NO_COMMON_BLOCKS = YES;
				GCC_WARN_64_TO_32_BIT_CONVERSION = YES;
				GCC_WARN_ABOUT_RETURN_TYPE = YES_ERROR;
				GCC_WARN_UNDECLARED_SELECTOR = YES;
				GCC_WARN_UNINITIALIZED_AUTOS = YES_AGGRESSIVE;
				GCC_WARN_UNUSED_FUNCTION = YES;
				GCC_WARN_UNUSED_VARIABLE = YES;
				IPHONEOS_DEPLOYMENT_TARGET = 9.3;
				MTL_ENABLE_DEBUG_INFO = NO;
				SDKROOT = iphoneos;
				VALIDATE_PRODUCT = YES;
			};
			name = Release;
		};
		9EE8353E1D76BD8700E6F67B /* Debug */ = {
			isa = XCBuildConfiguration;
			buildSettings = {
				ASSETCATALOG_COMPILER_APPICON_NAME = AppIcon;
				INFOPLIST_FILE = XucgRipple/Info.plist;
				IPHONEOS_DEPLOYMENT_TARGET = 8.0;
				LD_RUNPATH_SEARCH_PATHS = "$(inherited) @executable_path/Frameworks";
				PRODUCT_BUNDLE_IDENTIFIER = com.xucg.XucgRipple;
				PRODUCT_NAME = "$(TARGET_NAME)";
			};
			name = Debug;
		};
		9EE8353F1D76BD8700E6F67B /* Release */ = {
			isa = XCBuildConfiguration;
			buildSettings = {
				ASSETCATALOG_COMPILER_APPICON_NAME = AppIcon;
				INFOPLIST_FILE = XucgRipple/Info.plist;
				IPHONEOS_DEPLOYMENT_TARGET = 8.0;
				LD_RUNPATH_SEARCH_PATHS = "$(inherited) @executable_path/Frameworks";
				PRODUCT_BUNDLE_IDENTIFIER = com.xucg.XucgRipple;
				PRODUCT_NAME = "$(TARGET_NAME)";
			};
			name = Release;
		};
/* End XCBuildConfiguration section */

/* Begin XCConfigurationList section */
		9EE835211D76BD8700E6F67B /* Build configuration list for PBXProject "XucgRipple" */ = {
			isa = XCConfigurationList;
			buildConfigurations = (
				9EE8353B1D76BD8700E6F67B /* Debug */,
				9EE8353C1D76BD8700E6F67B /* Release */,
			);
			defaultConfigurationIsVisible = 0;
			defaultConfigurationName = Release;
		};
		9EE8353D1D76BD8700E6F67B /* Build configuration list for PBXNativeTarget "XucgRipple" */ = {
			isa = XCConfigurationList;
			buildConfigurations = (
				9EE8353E1D76BD8700E6F67B /* Debug */,
				9EE8353F1D76BD8700E6F67B /* Release */,
			);
			defaultConfigurationIsVisible = 0;
			defaultConfigurationName = Release;
		};
/* End XCConfigurationList section */
	};
	rootObject = 9EE8351E1D76BD8700E6F67B /* Project object */;
}
